
Microsoft Visual Studio Solution File, Format Version 12.00
# Visual Studio Version 16
VisualStudioVersion = 16.0.32002.261
MinimumVisualStudioVersion = 10.0.40219.1
Project("{FAE04EC0-301F-11D3-BF4B-00C04F79EFBC}") = "Attendance", "Attendance\Attendance.csproj", "{AFC5C939-E705-44D7-89CE-0F25B6AFA3BB}"
EndProject
Global
	GlobalSection(SolutionConfigurationPlatforms) = preSolution
		Debug|Any CPU = Debug|Any CPU
		Release|Any CPU = Release|Any CPU
	EndGlobalSection
	GlobalSection(ProjectConfigurationPlatforms) = postSolution
		{AFC5C939-E705-44D7-89CE-0F25B6AFA3BB}.Debug|Any CPU.ActiveCfg = Debug|Any CPU
		{AFC5C939-E705-44D7-89CE-0F25B6AFA3BB}.Debug|Any CPU.Build.0 = Debug|Any CPU
		{AFC5C939-E705-44D7-89CE-0F25B6AFA3BB}.Debug|Any CPU.Deploy.0 = Debug|Any CPU
		{AFC5C939-E705-44D7-89CE-0F25B6AFA3BB}.Release|Any CPU.ActiveCfg = Release|Any CPU
		{AFC5C939-E705-44D7-89CE-0F25B6AFA3BB}.Release|Any CPU.Build.0 = Release|Any CPU
		{AFC5C939-E705-44D7-89CE-0F25B6AFA3BB}.Release|Any CPU.Deploy.0 = Release|Any CPU
	EndGlobalSection
	GlobalSection(SolutionProperties) = preSolution
		HideSolutionNode = FALSE
	EndGlobalSection
	GlobalSection(ExtensibilityGlobals) = postSolution
		SolutionGuid = {55658261-EF63-4C04-89B2-719906EB15D1}
	EndGlobalSection
EndGlobal
